
Microsoft Visual Studio Solution File, Format Version 12.00
# Visual Studio Version 17
VisualStudioVersion = 17.5.33627.172
MinimumVisualStudioVersion = 10.0.40219.1
Project("{FAE04EC0-301F-11D3-BF4B-00C04F79EFBC}") = "InformationSystem_WebAPI", "InformationSystem_WebAPI\InformationSystem_WebAPI.csproj", "{C9935577-4453-41FC-85E5-9F8721148E9C}"
EndProject
Global
	GlobalSection(SolutionConfigurationPlatforms) = preSolution
		Debug|Any CPU = Debug|Any CPU
		Release|Any CPU = Release|Any CPU
	EndGlobalSection
	GlobalSection(ProjectConfigurationPlatforms) = postSolution
		{C9935577-4453-41FC-85E5-9F8721148E9C}.Debug|Any CPU.ActiveCfg = Debug|Any CPU
		{C9935577-4453-41FC-85E5-9F8721148E9C}.Debug|Any CPU.Build.0 = Debug|Any CPU
		{C9935577-4453-41FC-85E5-9F8721148E9C}.Release|Any CPU.ActiveCfg = Release|Any CPU
		{C9935577-4453-41FC-85E5-9F8721148E9C}.Release|Any CPU.Build.0 = Release|Any CPU
	EndGlobalSection
	GlobalSection(SolutionProperties) = preSolution
		HideSolutionNode = FALSE
	EndGlobalSection
	GlobalSection(ExtensibilityGlobals) = postSolution
		SolutionGuid = {4C78EC4A-C5F1-44B0-AFE4-8DFDB4672FAD}
	EndGlobalSection
EndGlobal
